
Microsoft Visual Studio Solution File, Format Version 12.00
# Visual Studio Version 16
VisualStudioVersion = 16.0.30011.22
MinimumVisualStudioVersion = 10.0.40219.1
Project("{FAE04EC0-301F-11D3-BF4B-00C04F79EFBC}") = "LagunaLink.Common", "LagunaLink.Common\LagunaLink.Common.csproj", "{66A0E405-DF0F-49D7-88AC-0CAE945F806F}"
EndProject
Project("{FAE04EC0-301F-11D3-BF4B-00C04F79EFBC}") = "LagunaLink.Web", "LagunaLink.Web\LagunaLink.Web.csproj", "{0B614F93-F105-418B-80ED-44CFE6274452}"
EndProject
Global
	GlobalSection(SolutionConfigurationPlatforms) = preSolution
		Debug|Any CPU = Debug|Any CPU
		Release|Any CPU = Release|Any CPU
	EndGlobalSection
	GlobalSection(ProjectConfigurationPlatforms) = postSolution
		{66A0E405-DF0F-49D7-88AC-0CAE945F806F}.Debug|Any CPU.ActiveCfg = Debug|Any CPU
		{66A0E405-DF0F-49D7-88AC-0CAE945F806F}.Debug|Any CPU.Build.0 = Debug|Any CPU
		{66A0E405-DF0F-49D7-88AC-0CAE945F806F}.Release|Any CPU.ActiveCfg = Release|Any CPU
		{66A0E405-DF0F-49D7-88AC-0CAE945F806F}.Release|Any CPU.Build.0 = Release|Any CPU
		{0B614F93-F105-418B-80ED-44CFE6274452}.Debug|Any CPU.ActiveCfg = Debug|Any CPU
		{0B614F93-F105-418B-80ED-44CFE6274452}.Debug|Any CPU.Build.0 = Debug|Any CPU
		{0B614F93-F105-418B-80ED-44CFE6274452}.Release|Any CPU.ActiveCfg = Release|Any CPU
		{0B614F93-F105-418B-80ED-44CFE6274452}.Release|Any CPU.Build.0 = Release|Any CPU
	EndGlobalSection
	GlobalSection(SolutionProperties) = preSolution
		HideSolutionNode = FALSE
	EndGlobalSection
	GlobalSection(ExtensibilityGlobals) = postSolution
		SolutionGuid = {E4295161-9CF1-4FD0-A57F-AC05567AE8A2}
	EndGlobalSection
EndGlobal
